{
  "name": "test1",
  "lockfileVersion": 3,
  "requires": true,
  "packages": {
    "": {
      "dependencies": {
        "allamaprabhu-frame-print": "^1.0.0"
      }
    },
    "node_modules/allamaprabhu-frame-print": {
      "version": "1.0.0",
      "resolved": "https://registry.npmjs.org/allamaprabhu-frame-print/-/allamaprabhu-frame-print-1.0.0.tgz",
      "integrity": "sha512-PYvfdimQS0/Z4Naygu6r8y0CWXSltZXGBinn2ckk0kJxORDpN+fErIRADnmpR48yBZz61XfuvGf+pTEhXh5+kg=="
    }
  }
}
